// !$*UTF8*$!
{
	archiveVersion = 1;
	classes = {
	};
	objectVersion = 52;
	objects = {

/* Begin PBXBuildFile section */
		B40A345325D48371002D5911 /* Assets.xcassets in Resources */ = {isa = PBXBuildFile; fileRef = B40A345225D48371002D5911 /* Assets.xcassets */; };
		B40A345625D48371002D5911 /* Preview Assets.xcassets in Resources */ = {isa = PBXBuildFile; fileRef = B40A345525D48371002D5911 /* Preview Assets.xcassets */; };
		B40A346125D48372002D5911 /* Space_LaunchesTests.swift in Sources */ = {isa = PBXBuildFile; fileRef = B40A346025D48372002D5911 /* Space_LaunchesTests.swift */; };
		B40A349825D48839002D5911 /* LaunchScreen.storyboard in Resources */ = {isa = PBXBuildFile; fileRef = B40A349725D48839002D5911 /* LaunchScreen.storyboard */; };
		B45BAFE725D97B6000228F1D /* LaunchesListRow.swift in Sources */ = {isa = PBXBuildFile; fileRef = B45BAFE625D97B6000228F1D /* LaunchesListRow.swift */; };
		B45BAFEE25DB13F300228F1D /* SceneDelegate.swift in Sources */ = {isa = PBXBuildFile; fileRef = B45BAFED25DB13F300228F1D /* SceneDelegate.swift */; };
		B45BB00125DDA6CE00228F1D /* DateFormatter+Formatters.swift in Sources */ = {isa = PBXBuildFile; fileRef = B45BB00025DDA6CE00228F1D /* DateFormatter+Formatters.swift */; };
		B45BB00E25DF0BC300228F1D /* LocalizationKit.swift in Sources */ = {isa = PBXBuildFile; fileRef = B45BB00D25DF0BC300228F1D /* LocalizationKit.swift */; };
		B45BB01125DF165100228F1D /* SearchBarView.swift in Sources */ = {isa = PBXBuildFile; fileRef = B45BB01025DF165100228F1D /* SearchBarView.swift */; };
		B45BB02725E15B7F00228F1D /* Binding+Ext.swift in Sources */ = {isa = PBXBuildFile; fileRef = B45BB02625E15B7F00228F1D /* Binding+Ext.swift */; };
		B45BB03E25E2757E00228F1D /* SpinnerView.swift in Sources */ = {isa = PBXBuildFile; fileRef = B45BB03D25E2757E00228F1D /* SpinnerView.swift */; };
		B45BB04725E27C7200228F1D /* View+Ext.swift in Sources */ = {isa = PBXBuildFile; fileRef = B45BB04625E27C7200228F1D /* View+Ext.swift */; };
		B45BB04C25E27CF800228F1D /* SectionHeader.swift in Sources */ = {isa = PBXBuildFile; fileRef = B45BB04B25E27CF800228F1D /* SectionHeader.swift */; };
		B45BB05625E2A41F00228F1D /* LaunchesOverviewFeedback.swift in Sources */ = {isa = PBXBuildFile; fileRef = B45BB05525E2A41F00228F1D /* LaunchesOverviewFeedback.swift */; };
		B45BB05C25E2DD8B00228F1D /* RefreshButtonView.swift in Sources */ = {isa = PBXBuildFile; fileRef = B45BB05B25E2DD8B00228F1D /* RefreshButtonView.swift */; };
		B45BB06525E45AB500228F1D /* LaunchesListView.swift in Sources */ = {isa = PBXBuildFile; fileRef = B45BB06425E45AB500228F1D /* LaunchesListView.swift */; };
		B45BB07425E58BC600228F1D /* API.swift in Sources */ = {isa = PBXBuildFile; fileRef = B45BB07325E58BC500228F1D /* API.swift */; };
		B45BB07925E5909500228F1D /* WebServiceAgent.swift in Sources */ = {isa = PBXBuildFile; fileRef = B45BB07825E5909500228F1D /* WebServiceAgent.swift */; };
		B45BB07D25E5912A00228F1D /* Alamofire in Frameworks */ = {isa = PBXBuildFile; productRef = B45BB07C25E5912A00228F1D /* Alamofire */; };
		B461750A25D5CB1F00FE3662 /* LaunchesOverview.swift in Sources */ = {isa = PBXBuildFile; fileRef = B461750925D5CB1F00FE3662 /* LaunchesOverview.swift */; };
		B461751D25D5D1E800FE3662 /* AppDelegate.swift in Sources */ = {isa = PBXBuildFile; fileRef = B461751C25D5D1E800FE3662 /* AppDelegate.swift */; };
		B461752825D5D36000FE3662 /* LaunchesOverviewViewModel.swift in Sources */ = {isa = PBXBuildFile; fileRef = B461752725D5D36000FE3662 /* LaunchesOverviewViewModel.swift */; };
		B461754525D5DCB200FE3662 /* Resolver in Frameworks */ = {isa = PBXBuildFile; productRef = B461754425D5DCB200FE3662 /* Resolver */; };
		B461754825D5E09600FE3662 /* AllServicesResolver.swift in Sources */ = {isa = PBXBuildFile; fileRef = B461754725D5E09600FE3662 /* AllServicesResolver.swift */; };
		B461755B25D7D6B100FE3662 /* Launch.swift in Sources */ = {isa = PBXBuildFile; fileRef = B461755A25D7D6B100FE3662 /* Launch.swift */; };
		B461756025D7DA8700FE3662 /* Launch+Fairings.swift in Sources */ = {isa = PBXBuildFile; fileRef = B461755F25D7DA8700FE3662 /* Launch+Fairings.swift */; };
		B461756325D7DB0600FE3662 /* Launch+Links.swift in Sources */ = {isa = PBXBuildFile; fileRef = B461756225D7DB0600FE3662 /* Launch+Links.swift */; };
		B461756925D8024E00FE3662 /* Launch+Failures.swift in Sources */ = {isa = PBXBuildFile; fileRef = B461756825D8024E00FE3662 /* Launch+Failures.swift */; };
		B461756C25D807BF00FE3662 /* Launch+DatePrecision.swift in Sources */ = {isa = PBXBuildFile; fileRef = B461756B25D807BF00FE3662 /* Launch+DatePrecision.swift */; };
		B461756F25D8095900FE3662 /* Launch+Cores.swift in Sources */ = {isa = PBXBuildFile; fileRef = B461756E25D8095900FE3662 /* Launch+Cores.swift */; };
		B461757225D80CD900FE3662 /* Launch+Mock.swift in Sources */ = {isa = PBXBuildFile; fileRef = B461757125D80CD900FE3662 /* Launch+Mock.swift */; };
		B461757E25D8432200FE3662 /* Launch+Mock.swift in Sources */ = {isa = PBXBuildFile; fileRef = B461757125D80CD900FE3662 /* Launch+Mock.swift */; };
		B461758225D8462600FE3662 /* Launch.swift in Sources */ = {isa = PBXBuildFile; fileRef = B461755A25D7D6B100FE3662 /* Launch.swift */; };
		B461758725D8465100FE3662 /* Launch+Cores.swift in Sources */ = {isa = PBXBuildFile; fileRef = B461756E25D8095900FE3662 /* Launch+Cores.swift */; };
		B461758925D8465400FE3662 /* Launch+DatePrecision.swift in Sources */ = {isa = PBXBuildFile; fileRef = B461756B25D807BF00FE3662 /* Launch+DatePrecision.swift */; };
		B461758B25D8465600FE3662 /* Launch+Failures.swift in Sources */ = {isa = PBXBuildFile; fileRef = B461756825D8024E00FE3662 /* Launch+Failures.swift */; };
		B461758D25D8465A00FE3662 /* Launch+Fairings.swift in Sources */ = {isa = PBXBuildFile; fileRef = B461755F25D7DA8700FE3662 /* Launch+Fairings.swift */; };
		B461758F25D8465C00FE3662 /* Launch+Links.swift in Sources */ = {isa = PBXBuildFile; fileRef = B461756225D7DB0600FE3662 /* Launch+Links.swift */; };
		B461759325D84AEC00FE3662 /* PastLaunchesDataProvider.swift in Sources */ = {isa = PBXBuildFile; fileRef = B461759225D84AEC00FE3662 /* PastLaunchesDataProvider.swift */; };
		B461759825D84B7D00FE3662 /* PastLaunchesDataProviderType.swift in Sources */ = {isa = PBXBuildFile; fileRef = B461759725D84B7D00FE3662 /* PastLaunchesDataProviderType.swift */; };
		B461759B25D84BD800FE3662 /* DataServicesResolver.swift in Sources */ = {isa = PBXBuildFile; fileRef = B461759A25D84BD800FE3662 /* DataServicesResolver.swift */; };
		B46175A125D8654C00FE3662 /* NetworkError.swift in Sources */ = {isa = PBXBuildFile; fileRef = B46175A025D8654C00FE3662 /* NetworkError.swift */; };
		B4969C3A25E6FC9C000523AB /* LaunchDTO.swift in Sources */ = {isa = PBXBuildFile; fileRef = B4969C3925E6FC9C000523AB /* LaunchDTO.swift */; };
		B4969C3F25E6FD00000523AB /* LaunchDTO+FairingsDTO.swift in Sources */ = {isa = PBXBuildFile; fileRef = B4969C3E25E6FD00000523AB /* LaunchDTO+FairingsDTO.swift */; };
		B4969C4225E6FD57000523AB /* LaunchDTO+LinksDTO.swift in Sources */ = {isa = PBXBuildFile; fileRef = B4969C4125E6FD57000523AB /* LaunchDTO+LinksDTO.swift */; };
		B4969C4525E6FE15000523AB /* LaunchDTO+FailuresDTO.swift in Sources */ = {isa = PBXBuildFile; fileRef = B4969C4425E6FE15000523AB /* LaunchDTO+FailuresDTO.swift */; };
		B4969C4B25E6FE94000523AB /* LaunchDTO+CoresDTO.swift in Sources */ = {isa = PBXBuildFile; fileRef = B4969C4A25E6FE94000523AB /* LaunchDTO+CoresDTO.swift */; };
		B4969C5125E70992000523AB /* LaunchDTO+DatePrecisionDTO.swift in Sources */ = {isa = PBXBuildFile; fileRef = B4969C5025E70992000523AB /* LaunchDTO+DatePrecisionDTO.swift */; };
/* End PBXBuildFile section */

/* Begin PBXContainerItemProxy section */
		B40A345D25D48372002D5911 /* PBXContainerItemProxy */ = {
			isa = PBXContainerItemProxy;
			containerPortal = B40A344325D4836E002D5911 /* Project object */;
			proxyType = 1;
			remoteGlobalIDString = B40A344A25D4836E002D5911;
			remoteInfo = "Space-X Launches";
		};
/* End PBXContainerItemProxy section */

/* Begin PBXCopyFilesBuildPhase section */
		B461753F25D5DC2200FE3662 /* Embed Frameworks */ = {
			isa = PBXCopyFilesBuildPhase;
			buildActionMask = 2147483647;
			dstPath = "";
			dstSubfolderSpec = 10;
			files = (
			);
			name = "Embed Frameworks";
			runOnlyForDeploymentPostprocessing = 0;
		};
/* End PBXCopyFilesBuildPhase section */

/* Begin PBXFileReference section */
		B40A344B25D4836E002D5911 /* Space Launches.app */ = {isa = PBXFileReference; explicitFileType = wrapper.application; includeInIndex = 0; path = "Space Launches.app"; sourceTree = BUILT_PRODUCTS_DIR; };
		B40A345225D48371002D5911 /* Assets.xcassets */ = {isa = PBXFileReference; lastKnownFileType = folder.assetcatalog; path = Assets.xcassets; sourceTree = "<group>"; };
		B40A345525D48371002D5911 /* Preview Assets.xcassets */ = {isa = PBXFileReference; lastKnownFileType = folder.assetcatalog; path = "Preview Assets.xcassets"; sourceTree = "<group>"; };
		B40A345725D48371002D5911 /* Info.plist */ = {isa = PBXFileReference; lastKnownFileType = text.plist.xml; path = Info.plist; sourceTree = "<group>"; };
		B40A345C25D48372002D5911 /* Space LaunchesTests.xctest */ = {isa = PBXFileReference; explicitFileType = wrapper.cfbundle; includeInIndex = 0; path = "Space LaunchesTests.xctest"; sourceTree = BUILT_PRODUCTS_DIR; };
		B40A346025D48372002D5911 /* Space_LaunchesTests.swift */ = {isa = PBXFileReference; lastKnownFileType = sourcecode.swift; path = Space_LaunchesTests.swift; sourceTree = "<group>"; };
		B40A346225D48372002D5911 /* Info.plist */ = {isa = PBXFileReference; lastKnownFileType = text.plist.xml; path = Info.plist; sourceTree = "<group>"; };
		B40A348C25D48568002D5911 /* README.md */ = {isa = PBXFileReference; lastKnownFileType = net.daringfireball.markdown; path = README.md; sourceTree = "<group>"; };
		B40A348D25D4857C002D5911 /* CHANGELOG.md */ = {isa = PBXFileReference; lastKnownFileType = net.daringfireball.markdown; path = CHANGELOG.md; sourceTree = "<group>"; };
		B40A349725D48839002D5911 /* LaunchScreen.storyboard */ = {isa = PBXFileReference; lastKnownFileType = file.storyboard; path = LaunchScreen.storyboard; sourceTree = "<group>"; };
		B45BAFE625D97B6000228F1D /* LaunchesListRow.swift */ = {isa = PBXFileReference; lastKnownFileType = sourcecode.swift; path = LaunchesListRow.swift; sourceTree = "<group>"; };
		B45BAFED25DB13F300228F1D /* SceneDelegate.swift */ = {isa = PBXFileReference; lastKnownFileType = sourcecode.swift; path = SceneDelegate.swift; sourceTree = "<group>"; };
		B45BB00025DDA6CE00228F1D /* DateFormatter+Formatters.swift */ = {isa = PBXFileReference; lastKnownFileType = sourcecode.swift; path = "DateFormatter+Formatters.swift"; sourceTree = "<group>"; };
		B45BB00D25DF0BC300228F1D /* LocalizationKit.swift */ = {isa = PBXFileReference; lastKnownFileType = sourcecode.swift; path = LocalizationKit.swift; sourceTree = "<group>"; };
		B45BB01025DF165100228F1D /* SearchBarView.swift */ = {isa = PBXFileReference; lastKnownFileType = sourcecode.swift; path = SearchBarView.swift; sourceTree = "<group>"; };
		B45BB02625E15B7F00228F1D /* Binding+Ext.swift */ = {isa = PBXFileReference; lastKnownFileType = sourcecode.swift; path = "Binding+Ext.swift"; sourceTree = "<group>"; };
		B45BB03D25E2757E00228F1D /* SpinnerView.swift */ = {isa = PBXFileReference; lastKnownFileType = sourcecode.swift; path = SpinnerView.swift; sourceTree = "<group>"; };
		B45BB04625E27C7200228F1D /* View+Ext.swift */ = {isa = PBXFileReference; lastKnownFileType = sourcecode.swift; path = "View+Ext.swift"; sourceTree = "<group>"; };
		B45BB04B25E27CF800228F1D /* SectionHeader.swift */ = {isa = PBXFileReference; lastKnownFileType = sourcecode.swift; path = SectionHeader.swift; sourceTree = "<group>"; };
		B45BB05525E2A41F00228F1D /* LaunchesOverviewFeedback.swift */ = {isa = PBXFileReference; lastKnownFileType = sourcecode.swift; path = LaunchesOverviewFeedback.swift; sourceTree = "<group>"; };
		B45BB05B25E2DD8B00228F1D /* RefreshButtonView.swift */ = {isa = PBXFileReference; lastKnownFileType = sourcecode.swift; path = RefreshButtonView.swift; sourceTree = "<group>"; };
		B45BB06425E45AB500228F1D /* LaunchesListView.swift */ = {isa = PBXFileReference; lastKnownFileType = sourcecode.swift; path = LaunchesListView.swift; sourceTree = "<group>"; };
		B45BB07325E58BC500228F1D /* API.swift */ = {isa = PBXFileReference; lastKnownFileType = sourcecode.swift; path = API.swift; sourceTree = "<group>"; };
		B45BB07825E5909500228F1D /* WebServiceAgent.swift */ = {isa = PBXFileReference; lastKnownFileType = sourcecode.swift; path = WebServiceAgent.swift; sourceTree = "<group>"; };
		B461750925D5CB1F00FE3662 /* LaunchesOverview.swift */ = {isa = PBXFileReference; lastKnownFileType = sourcecode.swift; path = LaunchesOverview.swift; sourceTree = "<group>"; };
		B461751C25D5D1E800FE3662 /* AppDelegate.swift */ = {isa = PBXFileReference; lastKnownFileType = sourcecode.swift; path = AppDelegate.swift; sourceTree = "<group>"; };
		B461752725D5D36000FE3662 /* LaunchesOverviewViewModel.swift */ = {isa = PBXFileReference; lastKnownFileType = sourcecode.swift; path = LaunchesOverviewViewModel.swift; sourceTree = "<group>"; };
		B461754725D5E09600FE3662 /* AllServicesResolver.swift */ = {isa = PBXFileReference; lastKnownFileType = sourcecode.swift; path = AllServicesResolver.swift; sourceTree = "<group>"; };
		B461755A25D7D6B100FE3662 /* Launch.swift */ = {isa = PBXFileReference; lastKnownFileType = sourcecode.swift; path = Launch.swift; sourceTree = "<group>"; };
		B461755F25D7DA8700FE3662 /* Launch+Fairings.swift */ = {isa = PBXFileReference; lastKnownFileType = sourcecode.swift; path = "Launch+Fairings.swift"; sourceTree = "<group>"; };
		B461756225D7DB0600FE3662 /* Launch+Links.swift */ = {isa = PBXFileReference; lastKnownFileType = sourcecode.swift; path = "Launch+Links.swift"; sourceTree = "<group>"; };
		B461756825D8024E00FE3662 /* Launch+Failures.swift */ = {isa = PBXFileReference; lastKnownFileType = sourcecode.swift; path = "Launch+Failures.swift"; sourceTree = "<group>"; };
		B461756B25D807BF00FE3662 /* Launch+DatePrecision.swift */ = {isa = PBXFileReference; lastKnownFileType = sourcecode.swift; path = "Launch+DatePrecision.swift"; sourceTree = "<group>"; };
		B461756E25D8095900FE3662 /* Launch+Cores.swift */ = {isa = PBXFileReference; lastKnownFileType = sourcecode.swift; path = "Launch+Cores.swift"; sourceTree = "<group>"; };
		B461757125D80CD900FE3662 /* Launch+Mock.swift */ = {isa = PBXFileReference; lastKnownFileType = sourcecode.swift; path = "Launch+Mock.swift"; sourceTree = "<group>"; };
		B461759225D84AEC00FE3662 /* PastLaunchesDataProvider.swift */ = {isa = PBXFileReference; lastKnownFileType = sourcecode.swift; path = PastLaunchesDataProvider.swift; sourceTree = "<group>"; };
		B461759725D84B7D00FE3662 /* PastLaunchesDataProviderType.swift */ = {isa = PBXFileReference; lastKnownFileType = sourcecode.swift; path = PastLaunchesDataProviderType.swift; sourceTree = "<group>"; };
		B461759A25D84BD800FE3662 /* DataServicesResolver.swift */ = {isa = PBXFileReference; lastKnownFileType = sourcecode.swift; path = DataServicesResolver.swift; sourceTree = "<group>"; };
		B46175A025D8654C00FE3662 /* NetworkError.swift */ = {isa = PBXFileReference; lastKnownFileType = sourcecode.swift; path = NetworkError.swift; sourceTree = "<group>"; };
		B4969C3925E6FC9C000523AB /* LaunchDTO.swift */ = {isa = PBXFileReference; lastKnownFileType = sourcecode.swift; path = LaunchDTO.swift; sourceTree = "<group>"; };
		B4969C3E25E6FD00000523AB /* LaunchDTO+FairingsDTO.swift */ = {isa = PBXFileReference; lastKnownFileType = sourcecode.swift; path = "LaunchDTO+FairingsDTO.swift"; sourceTree = "<group>"; };
		B4969C4125E6FD57000523AB /* LaunchDTO+LinksDTO.swift */ = {isa = PBXFileReference; lastKnownFileType = sourcecode.swift; path = "LaunchDTO+LinksDTO.swift"; sourceTree = "<group>"; };
		B4969C4425E6FE15000523AB /* LaunchDTO+FailuresDTO.swift */ = {isa = PBXFileReference; lastKnownFileType = sourcecode.swift; path = "LaunchDTO+FailuresDTO.swift"; sourceTree = "<group>"; };
		B4969C4A25E6FE94000523AB /* LaunchDTO+CoresDTO.swift */ = {isa = PBXFileReference; lastKnownFileType = sourcecode.swift; path = "LaunchDTO+CoresDTO.swift"; sourceTree = "<group>"; };
		B4969C5025E70992000523AB /* LaunchDTO+DatePrecisionDTO.swift */ = {isa = PBXFileReference; fileEncoding = 4; lastKnownFileType = sourcecode.swift; path = "LaunchDTO+DatePrecisionDTO.swift"; sourceTree = "<group>"; };
/* End PBXFileReference section */

/* Begin PBXFrameworksBuildPhase section */
		B40A344825D4836E002D5911 /* Frameworks */ = {
			isa = PBXFrameworksBuildPhase;
			buildActionMask = 2147483647;
			files = (
				B461754525D5DCB200FE3662 /* Resolver in Frameworks */,
				B45BB07D25E5912A00228F1D /* Alamofire in Frameworks */,
			);
			runOnlyForDeploymentPostprocessing = 0;
		};
		B40A345925D48372002D5911 /* Frameworks */ = {
			isa = PBXFrameworksBuildPhase;
			buildActionMask = 2147483647;
			files = (
			);
			runOnlyForDeploymentPostprocessing = 0;
		};
/* End PBXFrameworksBuildPhase section */

/* Begin PBXGroup section */
		B40A344225D4836E002D5911 = {
			isa = PBXGroup;
			children = (
				B40A348C25D48568002D5911 /* README.md */,
				B40A348D25D4857C002D5911 /* CHANGELOG.md */,
				B40A344D25D4836E002D5911 /* Space Launches */,
				B40A345F25D48372002D5911 /* Space LaunchesTests */,
				B40A344C25D4836E002D5911 /* Products */,
			);
			sourceTree = "<group>";
		};
		B40A344C25D4836E002D5911 /* Products */ = {
			isa = PBXGroup;
			children = (
				B40A344B25D4836E002D5911 /* Space Launches.app */,
				B40A345C25D48372002D5911 /* Space LaunchesTests.xctest */,
			);
			name = Products;
			sourceTree = "<group>";
		};
		B40A344D25D4836E002D5911 /* Space Launches */ = {
			isa = PBXGroup;
			children = (
				B461750225D5CA4C00FE3662 /* App */,
				B461750025D5C9D900FE3662 /* Launches List */,
				B461759125D84ADC00FE3662 /* Data Provider */,
				B45BB07225E58BB700228F1D /* API */,
				B461753225D5D50C00FE3662 /* DI */,
				B45BAFFF25DDA6B900228F1D /* Utils */,
				B45BB01825E1269D00228F1D /* Kits */,
				B40A348F25D48599002D5911 /* Supporting Files */,
				B40A348E25D48592002D5911 /* Resources */,
				B40A345425D48371002D5911 /* Preview Content */,
			);
			path = "Space Launches";
			sourceTree = "<group>";
		};
		B40A345425D48371002D5911 /* Preview Content */ = {
			isa = PBXGroup;
			children = (
				B40A345525D48371002D5911 /* Preview Assets.xcassets */,
			);
			path = "Preview Content";
			sourceTree = "<group>";
		};
		B40A345F25D48372002D5911 /* Space LaunchesTests */ = {
			isa = PBXGroup;
			children = (
				B40A346025D48372002D5911 /* Space_LaunchesTests.swift */,
				B40A349025D485C7002D5911 /* Supporting Files */,
			);
			path = "Space LaunchesTests";
			sourceTree = "<group>";
		};
		B40A348E25D48592002D5911 /* Resources */ = {
			isa = PBXGroup;
			children = (
				B40A345225D48371002D5911 /* Assets.xcassets */,
				B40A349725D48839002D5911 /* LaunchScreen.storyboard */,
			);
			path = Resources;
			sourceTree = "<group>";
		};
		B40A348F25D48599002D5911 /* Supporting Files */ = {
			isa = PBXGroup;
			children = (
				B40A345725D48371002D5911 /* Info.plist */,
			);
			path = "Supporting Files";
			sourceTree = "<group>";
		};
		B40A349025D485C7002D5911 /* Supporting Files */ = {
			isa = PBXGroup;
			children = (
				B40A346225D48372002D5911 /* Info.plist */,
			);
			path = "Supporting Files";
			sourceTree = "<group>";
		};
		B45BAFFF25DDA6B900228F1D /* Utils */ = {
			isa = PBXGroup;
			children = (
				B45BB00025DDA6CE00228F1D /* DateFormatter+Formatters.swift */,
				B45BB02625E15B7F00228F1D /* Binding+Ext.swift */,
				B45BB04625E27C7200228F1D /* View+Ext.swift */,
			);
			path = Utils;
			sourceTree = "<group>";
		};
		B45BB01825E1269D00228F1D /* Kits */ = {
			isa = PBXGroup;
			children = (
				B45BB00D25DF0BC300228F1D /* LocalizationKit.swift */,
			);
			path = Kits;
			sourceTree = "<group>";
		};
		B45BB06725E45ABF00228F1D /* Components */ = {
			isa = PBXGroup;
			children = (
				B45BB06425E45AB500228F1D /* LaunchesListView.swift */,
				B45BB05B25E2DD8B00228F1D /* RefreshButtonView.swift */,
				B45BAFE625D97B6000228F1D /* LaunchesListRow.swift */,
				B45BB04B25E27CF800228F1D /* SectionHeader.swift */,
				B45BB01025DF165100228F1D /* SearchBarView.swift */,
				B45BB03D25E2757E00228F1D /* SpinnerView.swift */,
			);
			path = Components;
			sourceTree = "<group>";
		};
		B45BB07225E58BB700228F1D /* API */ = {
			isa = PBXGroup;
			children = (
				B4969C3825E6FC8E000523AB /* DTO */,
				B45BB07325E58BC500228F1D /* API.swift */,
				B45BB07825E5909500228F1D /* WebServiceAgent.swift */,
			);
			path = API;
			sourceTree = "<group>";
		};
		B461750025D5C9D900FE3662 /* Launches List */ = {
			isa = PBXGroup;
			children = (
				B461752425D5D30700FE3662 /* View */,
				B461752625D5D31F00FE3662 /* ViewModel */,
				B461752525D5D31200FE3662 /* Model */,
			);
			path = "Launches List";
			sourceTree = "<group>";
		};
		B461750225D5CA4C00FE3662 /* App */ = {
			isa = PBXGroup;
			children = (
				B461751C25D5D1E800FE3662 /* AppDelegate.swift */,
				B45BAFED25DB13F300228F1D /* SceneDelegate.swift */,
			);
			path = App;
			sourceTree = "<group>";
		};
		B461752425D5D30700FE3662 /* View */ = {
			isa = PBXGroup;
			children = (
				B461750925D5CB1F00FE3662 /* LaunchesOverview.swift */,
				B45BB06725E45ABF00228F1D /* Components */,
			);
			path = View;
			sourceTree = "<group>";
		};
		B461752525D5D31200FE3662 /* Model */ = {
			isa = PBXGroup;
			children = (
				B461755A25D7D6B100FE3662 /* Launch.swift */,
				B461755F25D7DA8700FE3662 /* Launch+Fairings.swift */,
				B461756225D7DB0600FE3662 /* Launch+Links.swift */,
				B461756825D8024E00FE3662 /* Launch+Failures.swift */,
				B461756B25D807BF00FE3662 /* Launch+DatePrecision.swift */,
				B461756E25D8095900FE3662 /* Launch+Cores.swift */,
				B461757425D80CE200FE3662 /* Mocks */,
			);
			path = Model;
			sourceTree = "<group>";
		};
		B461752625D5D31F00FE3662 /* ViewModel */ = {
			isa = PBXGroup;
			children = (
				B461752725D5D36000FE3662 /* LaunchesOverviewViewModel.swift */,
				B45BB05525E2A41F00228F1D /* LaunchesOverviewFeedback.swift */,
			);
			path = ViewModel;
			sourceTree = "<group>";
		};
		B461753225D5D50C00FE3662 /* DI */ = {
			isa = PBXGroup;
			children = (
				B461754725D5E09600FE3662 /* AllServicesResolver.swift */,
				B461759A25D84BD800FE3662 /* DataServicesResolver.swift */,
			);
			path = DI;
			sourceTree = "<group>";
		};
		B461757425D80CE200FE3662 /* Mocks */ = {
			isa = PBXGroup;
			children = (
				B461757125D80CD900FE3662 /* Launch+Mock.swift */,
			);
			path = Mocks;
			sourceTree = "<group>";
		};
		B461759125D84ADC00FE3662 /* Data Provider */ = {
			isa = PBXGroup;
			children = (
				B461759F25D8653500FE3662 /* Past Launches */,
				B46175A025D8654C00FE3662 /* NetworkError.swift */,
			);
			path = "Data Provider";
			sourceTree = "<group>";
		};
		B461759F25D8653500FE3662 /* Past Launches */ = {
			isa = PBXGroup;
			children = (
				B461759225D84AEC00FE3662 /* PastLaunchesDataProvider.swift */,
				B461759725D84B7D00FE3662 /* PastLaunchesDataProviderType.swift */,
			);
			path = "Past Launches";
			sourceTree = "<group>";
		};
		B4969C3825E6FC8E000523AB /* DTO */ = {
			isa = PBXGroup;
			children = (
				B4969C3925E6FC9C000523AB /* LaunchDTO.swift */,
				B4969C3E25E6FD00000523AB /* LaunchDTO+FairingsDTO.swift */,
				B4969C4125E6FD57000523AB /* LaunchDTO+LinksDTO.swift */,
				B4969C4425E6FE15000523AB /* LaunchDTO+FailuresDTO.swift */,
				B4969C5025E70992000523AB /* LaunchDTO+DatePrecisionDTO.swift */,
				B4969C4A25E6FE94000523AB /* LaunchDTO+CoresDTO.swift */,
			);
			path = DTO;
			sourceTree = "<group>";
		};
/* End PBXGroup section */

/* Begin PBXNativeTarget section */
		B40A344A25D4836E002D5911 /* Space Launches */ = {
			isa = PBXNativeTarget;
			buildConfigurationList = B40A347025D48372002D5911 /* Build configuration list for PBXNativeTarget "Space Launches" */;
			buildPhases = (
				B40A344725D4836E002D5911 /* Sources */,
				B40A344825D4836E002D5911 /* Frameworks */,
				B40A344925D4836E002D5911 /* Resources */,
				B461753F25D5DC2200FE3662 /* Embed Frameworks */,
			);
			buildRules = (
			);
			dependencies = (
			);
			name = "Space Launches";
			packageProductDependencies = (
				B461754425D5DCB200FE3662 /* Resolver */,
				B45BB07C25E5912A00228F1D /* Alamofire */,
			);
			productName = "Space-X Launches";
			productReference = B40A344B25D4836E002D5911 /* Space Launches.app */;
			productType = "com.apple.product-type.application";
		};
		B40A345B25D48372002D5911 /* Space LaunchesTests */ = {
			isa = PBXNativeTarget;
			buildConfigurationList = B40A347325D48372002D5911 /* Build configuration list for PBXNativeTarget "Space LaunchesTests" */;
			buildPhases = (
				B40A345825D48372002D5911 /* Sources */,
				B40A345925D48372002D5911 /* Frameworks */,
				B40A345A25D48372002D5911 /* Resources */,
			);
			buildRules = (
			);
			dependencies = (
				B40A345E25D48372002D5911 /* PBXTargetDependency */,
			);
			name = "Space LaunchesTests";
			productName = "Space-X LaunchesTests";
			productReference = B40A345C25D48372002D5911 /* Space LaunchesTests.xctest */;
			productType = "com.apple.product-type.bundle.unit-test";
		};
/* End PBXNativeTarget section */

/* Begin PBXProject section */
		B40A344325D4836E002D5911 /* Project object */ = {
			isa = PBXProject;
			attributes = {
				LastSwiftUpdateCheck = 1230;
				LastUpgradeCheck = 1230;
				TargetAttributes = {
					B40A344A25D4836E002D5911 = {
						CreatedOnToolsVersion = 12.3;
					};
					B40A345B25D48372002D5911 = {
						CreatedOnToolsVersion = 12.3;
						TestTargetID = B40A344A25D4836E002D5911;
					};
				};
			};
			buildConfigurationList = B40A344625D4836E002D5911 /* Build configuration list for PBXProject "Space Launches" */;
			compatibilityVersion = "Xcode 9.3";
			developmentRegion = en;
			hasScannedForEncodings = 0;
			knownRegions = (
				en,
				Base,
			);
			mainGroup = B40A344225D4836E002D5911;
			packageReferences = (
				B461754325D5DCB200FE3662 /* XCRemoteSwiftPackageReference "Resolver" */,
				B45BB07B25E5912A00228F1D /* XCRemoteSwiftPackageReference "Alamofire" */,
			);
			productRefGroup = B40A344C25D4836E002D5911 /* Products */;
			projectDirPath = "";
			projectRoot = "";
			targets = (
				B40A344A25D4836E002D5911 /* Space Launches */,
				B40A345B25D48372002D5911 /* Space LaunchesTests */,
			);
		};
/* End PBXProject section */

/* Begin PBXResourcesBuildPhase section */
		B40A344925D4836E002D5911 /* Resources */ = {
			isa = PBXResourcesBuildPhase;
			buildActionMask = 2147483647;
			files = (
				B40A349825D48839002D5911 /* LaunchScreen.storyboard in Resources */,
				B40A345625D48371002D5911 /* Preview Assets.xcassets in Resources */,
				B40A345325D48371002D5911 /* Assets.xcassets in Resources */,
			);
			runOnlyForDeploymentPostprocessing = 0;
		};
		B40A345A25D48372002D5911 /* Resources */ = {
			isa = PBXResourcesBuildPhase;
			buildActionMask = 2147483647;
			files = (
			);
			runOnlyForDeploymentPostprocessing = 0;
		};
/* End PBXResourcesBuildPhase section */

/* Begin PBXSourcesBuildPhase section */
		B40A344725D4836E002D5911 /* Sources */ = {
			isa = PBXSourcesBuildPhase;
			buildActionMask = 2147483647;
			files = (
				B461751D25D5D1E800FE3662 /* AppDelegate.swift in Sources */,
				B45BB04725E27C7200228F1D /* View+Ext.swift in Sources */,
				B461759B25D84BD800FE3662 /* DataServicesResolver.swift in Sources */,
				B45BB06525E45AB500228F1D /* LaunchesListView.swift in Sources */,
				B461756025D7DA8700FE3662 /* Launch+Fairings.swift in Sources */,
				B45BB04C25E27CF800228F1D /* SectionHeader.swift in Sources */,
				B4969C5125E70992000523AB /* LaunchDTO+DatePrecisionDTO.swift in Sources */,
				B45BB07425E58BC600228F1D /* API.swift in Sources */,
				B461756F25D8095900FE3662 /* Launch+Cores.swift in Sources */,
				B45BB01125DF165100228F1D /* SearchBarView.swift in Sources */,
				B46175A125D8654C00FE3662 /* NetworkError.swift in Sources */,
				B45BB05625E2A41F00228F1D /* LaunchesOverviewFeedback.swift in Sources */,
				B4969C4225E6FD57000523AB /* LaunchDTO+LinksDTO.swift in Sources */,
				B45BAFEE25DB13F300228F1D /* SceneDelegate.swift in Sources */,
				B4969C3A25E6FC9C000523AB /* LaunchDTO.swift in Sources */,
				B45BAFE725D97B6000228F1D /* LaunchesListRow.swift in Sources */,
				B461759325D84AEC00FE3662 /* PastLaunchesDataProvider.swift in Sources */,
				B461755B25D7D6B100FE3662 /* Launch.swift in Sources */,
				B461752825D5D36000FE3662 /* LaunchesOverviewViewModel.swift in Sources */,
				B45BB00125DDA6CE00228F1D /* DateFormatter+Formatters.swift in Sources */,
				B461756325D7DB0600FE3662 /* Launch+Links.swift in Sources */,
				B45BB02725E15B7F00228F1D /* Binding+Ext.swift in Sources */,
				B45BB05C25E2DD8B00228F1D /* RefreshButtonView.swift in Sources */,
				B45BB00E25DF0BC300228F1D /* LocalizationKit.swift in Sources */,
				B461759825D84B7D00FE3662 /* PastLaunchesDataProviderType.swift in Sources */,
				B461754825D5E09600FE3662 /* AllServicesResolver.swift in Sources */,
				B4969C4B25E6FE94000523AB /* LaunchDTO+CoresDTO.swift in Sources */,
				B461757225D80CD900FE3662 /* Launch+Mock.swift in Sources */,
				B4969C4525E6FE15000523AB /* LaunchDTO+FailuresDTO.swift in Sources */,
				B461756925D8024E00FE3662 /* Launch+Failures.swift in Sources */,
				B461756C25D807BF00FE3662 /* Launch+DatePrecision.swift in Sources */,
				B461750A25D5CB1F00FE3662 /* LaunchesOverview.swift in Sources */,
				B4969C3F25E6FD00000523AB /* LaunchDTO+FairingsDTO.swift in Sources */,
				B45BB03E25E2757E00228F1D /* SpinnerView.swift in Sources */,
				B45BB07925E5909500228F1D /* WebServiceAgent.swift in Sources */,
			);
			runOnlyForDeploymentPostprocessing = 0;
		};
		B40A345825D48372002D5911 /* Sources */ = {
			isa = PBXSourcesBuildPhase;
			buildActionMask = 2147483647;
			files = (
				B461758F25D8465C00FE3662 /* Launch+Links.swift in Sources */,
				B461757E25D8432200FE3662 /* Launch+Mock.swift in Sources */,
				B461758D25D8465A00FE3662 /* Launch+Fairings.swift in Sources */,
				B461758925D8465400FE3662 /* Launch+DatePrecision.swift in Sources */,
				B461758225D8462600FE3662 /* Launch.swift in Sources */,
				B461758B25D8465600FE3662 /* Launch+Failures.swift in Sources */,
				B461758725D8465100FE3662 /* Launch+Cores.swift in Sources */,
				B40A346125D48372002D5911 /* Space_LaunchesTests.swift in Sources */,
			);
			runOnlyForDeploymentPostprocessing = 0;
		};
/* End PBXSourcesBuildPhase section */

/* Begin PBXTargetDependency section */
		B40A345E25D48372002D5911 /* PBXTargetDependency */ = {
			isa = PBXTargetDependency;
			target = B40A344A25D4836E002D5911 /* Space Launches */;
			targetProxy = B40A345D25D48372002D5911 /* PBXContainerItemProxy */;
		};
/* End PBXTargetDependency section */

/* Begin XCBuildConfiguration section */
		B40A346E25D48372002D5911 /* Debug */ = {
			isa = XCBuildConfiguration;
			buildSettings = {
				ALWAYS_SEARCH_USER_PATHS = NO;
				CLANG_ANALYZER_NONNULL = YES;
				CLANG_ANALYZER_NUMBER_OBJECT_CONVERSION = YES_AGGRESSIVE;
				CLANG_CXX_LANGUAGE_STANDARD = "gnu++14";
				CLANG_CXX_LIBRARY = "libc++";
				CLANG_ENABLE_MODULES = YES;
				CLANG_ENABLE_OBJC_ARC = YES;
				CLANG_ENABLE_OBJC_WEAK = YES;
				CLANG_WARN_BLOCK_CAPTURE_AUTORELEASING = YES;
				CLANG_WARN_BOOL_CONVERSION = YES;
				CLANG_WARN_COMMA = YES;
				CLANG_WARN_CONSTANT_CONVERSION = YES;
				CLANG_WARN_DEPRECATED_OBJC_IMPLEMENTATIONS = YES;
				CLANG_WARN_DIRECT_OBJC_ISA_USAGE = YES_ERROR;
				CLANG_WARN_DOCUMENTATION_COMMENTS = YES;
				CLANG_WARN_EMPTY_BODY = YES;
				CLANG_WARN_ENUM_CONVERSION = YES;
				CLANG_WARN_INFINITE_RECURSION = YES;
				CLANG_WARN_INT_CONVERSION = YES;
				CLANG_WARN_NON_LITERAL_NULL_CONVERSION = YES;
				CLANG_WARN_OBJC_IMPLICIT_RETAIN_SELF = YES;
				CLANG_WARN_OBJC_LITERAL_CONVERSION = YES;
				CLANG_WARN_OBJC_ROOT_CLASS = YES_ERROR;
				CLANG_WARN_QUOTED_INCLUDE_IN_FRAMEWORK_HEADER = YES;
				CLANG_WARN_RANGE_LOOP_ANALYSIS = YES;
				CLANG_WARN_STRICT_PROTOTYPES = YES;
				CLANG_WARN_SUSPICIOUS_MOVE = YES;
				CLANG_WARN_UNGUARDED_AVAILABILITY = YES_AGGRESSIVE;
				CLANG_WARN_UNREACHABLE_CODE = YES;
				CLANG_WARN__DUPLICATE_METHOD_MATCH = YES;
				COPY_PHASE_STRIP = NO;
				DEBUG_INFORMATION_FORMAT = dwarf;
				ENABLE_STRICT_OBJC_MSGSEND = YES;
				ENABLE_TESTABILITY = YES;
				GCC_C_LANGUAGE_STANDARD = gnu11;
				GCC_DYNAMIC_NO_PIC = NO;
				GCC_NO_COMMON_BLOCKS = YES;
				GCC_OPTIMIZATION_LEVEL = 0;
				GCC_PREPROCESSOR_DEFINITIONS = (
					"DEBUG=1",
					"$(inherited)",
				);
				GCC_WARN_64_TO_32_BIT_CONVERSION = YES;
				GCC_WARN_ABOUT_RETURN_TYPE = YES_ERROR;
				GCC_WARN_UNDECLARED_SELECTOR = YES;
				GCC_WARN_UNINITIALIZED_AUTOS = YES_AGGRESSIVE;
				GCC_WARN_UNUSED_FUNCTION = YES;
				GCC_WARN_UNUSED_VARIABLE = YES;
				IPHONEOS_DEPLOYMENT_TARGET = 14.3;
				MTL_ENABLE_DEBUG_INFO = INCLUDE_SOURCE;
				MTL_FAST_MATH = YES;
				ONLY_ACTIVE_ARCH = YES;
				SDKROOT = iphoneos;
				SWIFT_ACTIVE_COMPILATION_CONDITIONS = DEBUG;
				SWIFT_OPTIMIZATION_LEVEL = "-Onone";
			};
			name = Debug;
		};
		B40A346F25D48372002D5911 /* Release */ = {
			isa = XCBuildConfiguration;
			buildSettings = {
				ALWAYS_SEARCH_USER_PATHS = NO;
				CLANG_ANALYZER_NONNULL = YES;
				CLANG_ANALYZER_NUMBER_OBJECT_CONVERSION = YES_AGGRESSIVE;
				CLANG_CXX_LANGUAGE_STANDARD = "gnu++14";
				CLANG_CXX_LIBRARY = "libc++";
				CLANG_ENABLE_MODULES = YES;
				CLANG_ENABLE_OBJC_ARC = YES;
				CLANG_ENABLE_OBJC_WEAK = YES;
				CLANG_WARN_BLOCK_CAPTURE_AUTORELEASING = YES;
				CLANG_WARN_BOOL_CONVERSION = YES;
				CLANG_WARN_COMMA = YES;
				CLANG_WARN_CONSTANT_CONVERSION = YES;
				CLANG_WARN_DEPRECATED_OBJC_IMPLEMENTATIONS = YES;
				CLANG_WARN_DIRECT_OBJC_ISA_USAGE = YES_ERROR;
				CLANG_WARN_DOCUMENTATION_COMMENTS = YES;
				CLANG_WARN_EMPTY_BODY = YES;
				CLANG_WARN_ENUM_CONVERSION = YES;
				CLANG_WARN_INFINITE_RECURSION = YES;
				CLANG_WARN_INT_CONVERSION = YES;
				CLANG_WARN_NON_LITERAL_NULL_CONVERSION = YES;
				CLANG_WARN_OBJC_IMPLICIT_RETAIN_SELF = YES;
				CLANG_WARN_OBJC_LITERAL_CONVERSION = YES;
				CLANG_WARN_OBJC_ROOT_CLASS = YES_ERROR;
				CLANG_WARN_QUOTED_INCLUDE_IN_FRAMEWORK_HEADER = YES;
				CLANG_WARN_RANGE_LOOP_ANALYSIS = YES;
				CLANG_WARN_STRICT_PROTOTYPES = YES;
				CLANG_WARN_SUSPICIOUS_MOVE = YES;
				CLANG_WARN_UNGUARDED_AVAILABILITY = YES_AGGRESSIVE;
				CLANG_WARN_UNREACHABLE_CODE = YES;
				CLANG_WARN__DUPLICATE_METHOD_MATCH = YES;
				COPY_PHASE_STRIP = NO;
				DEBUG_INFORMATION_FORMAT = "dwarf-with-dsym";
				ENABLE_NS_ASSERTIONS = NO;
				ENABLE_STRICT_OBJC_MSGSEND = YES;
				GCC_C_LANGUAGE_STANDARD = gnu11;
				GCC_NO_COMMON_BLOCKS = YES;
				GCC_WARN_64_TO_32_BIT_CONVERSION = YES;
				GCC_WARN_ABOUT_RETURN_TYPE = YES_ERROR;
				GCC_WARN_UNDECLARED_SELECTOR = YES;
				GCC_WARN_UNINITIALIZED_AUTOS = YES_AGGRESSIVE;
				GCC_WARN_UNUSED_FUNCTION = YES;
				GCC_WARN_UNUSED_VARIABLE = YES;
				IPHONEOS_DEPLOYMENT_TARGET = 14.3;
				MTL_ENABLE_DEBUG_INFO = NO;
				MTL_FAST_MATH = YES;
				SDKROOT = iphoneos;
				SWIFT_COMPILATION_MODE = wholemodule;
				SWIFT_OPTIMIZATION_LEVEL = "-O";
				VALIDATE_PRODUCT = YES;
			};
			name = Release;
		};
		B40A347125D48372002D5911 /* Debug */ = {
			isa = XCBuildConfiguration;
			buildSettings = {
				ASSETCATALOG_COMPILER_APPICON_NAME = AppIcon;
				ASSETCATALOG_COMPILER_GLOBAL_ACCENT_COLOR_NAME = AccentColor;
				CODE_SIGN_STYLE = Automatic;
				DEVELOPMENT_ASSET_PATHS = "\"Space Launches/Preview Content\"";
				DEVELOPMENT_TEAM = 46AXQPKQ6R;
				ENABLE_PREVIEWS = YES;
				INFOPLIST_FILE = "Space Launches/Supporting Files/Info.plist";
				IPHONEOS_DEPLOYMENT_TARGET = 14.0;
				LD_RUNPATH_SEARCH_PATHS = (
					"$(inherited)",
					"@executable_path/Frameworks",
				);
				PRODUCT_BUNDLE_IDENTIFIER = "com.dominik-kohlman.Space-Launches";
				PRODUCT_NAME = "$(TARGET_NAME)";
				SWIFT_VERSION = 5.0;
				TARGETED_DEVICE_FAMILY = 1;
			};
			name = Debug;
		};
		B40A347225D48372002D5911 /* Release */ = {
			isa = XCBuildConfiguration;
			buildSettings = {
				ASSETCATALOG_COMPILER_APPICON_NAME = AppIcon;
				ASSETCATALOG_COMPILER_GLOBAL_ACCENT_COLOR_NAME = AccentColor;
				CODE_SIGN_STYLE = Automatic;
				DEVELOPMENT_ASSET_PATHS = "\"Space Launches/Preview Content\"";
				DEVELOPMENT_TEAM = 46AXQPKQ6R;
				ENABLE_PREVIEWS = YES;
				INFOPLIST_FILE = "Space Launches/Supporting Files/Info.plist";
				IPHONEOS_DEPLOYMENT_TARGET = 14.0;
				LD_RUNPATH_SEARCH_PATHS = (
					"$(inherited)",
					"@executable_path/Frameworks",
				);
				PRODUCT_BUNDLE_IDENTIFIER = "com.dominik-kohlman.Space-Launches";
				PRODUCT_NAME = "$(TARGET_NAME)";
				SWIFT_VERSION = 5.0;
				TARGETED_DEVICE_FAMILY = 1;
			};
			name = Release;
		};
		B40A347425D48372002D5911 /* Debug */ = {
			isa = XCBuildConfiguration;
			buildSettings = {
				ALWAYS_EMBED_SWIFT_STANDARD_LIBRARIES = YES;
				BUNDLE_LOADER = "$(TEST_HOST)";
				CODE_SIGN_STYLE = Automatic;
				DEVELOPMENT_TEAM = 46AXQPKQ6R;
				INFOPLIST_FILE = "Space LaunchesTests/Supporting Files/Info.plist";
				IPHONEOS_DEPLOYMENT_TARGET = 14.0;
				LD_RUNPATH_SEARCH_PATHS = (
					"$(inherited)",
					"@executable_path/Frameworks",
					"@loader_path/Frameworks",
				);
				PRODUCT_BUNDLE_IDENTIFIER = "com.dominik-kohlman.Space-LaunchesTests";
				PRODUCT_NAME = "$(TARGET_NAME)";
				SWIFT_VERSION = 5.0;
				TARGETED_DEVICE_FAMILY = "1,2";
				TEST_HOST = "$(BUILT_PRODUCTS_DIR)/Space Launches.app/Space Launches";
			};
			name = Debug;
		};
		B40A347525D48372002D5911 /* Release */ = {
			isa = XCBuildConfiguration;
			buildSettings = {
				ALWAYS_EMBED_SWIFT_STANDARD_LIBRARIES = YES;
				BUNDLE_LOADER = "$(TEST_HOST)";
				CODE_SIGN_STYLE = Automatic;
				DEVELOPMENT_TEAM = 46AXQPKQ6R;
				INFOPLIST_FILE = "Space LaunchesTests/Supporting Files/Info.plist";
				IPHONEOS_DEPLOYMENT_TARGET = 14.0;
				LD_RUNPATH_SEARCH_PATHS = (
					"$(inherited)",
					"@executable_path/Frameworks",
					"@loader_path/Frameworks",
				);
				PRODUCT_BUNDLE_IDENTIFIER = "com.dominik-kohlman.Space-LaunchesTests";
				PRODUCT_NAME = "$(TARGET_NAME)";
				SWIFT_VERSION = 5.0;
				TARGETED_DEVICE_FAMILY = "1,2";
				TEST_HOST = "$(BUILT_PRODUCTS_DIR)/Space Launches.app/Space Launches";
			};
			name = Release;
		};
/* End XCBuildConfiguration section */

/* Begin XCConfigurationList section */
		B40A344625D4836E002D5911 /* Build configuration list for PBXProject "Space Launches" */ = {
			isa = XCConfigurationList;
			buildConfigurations = (
				B40A346E25D48372002D5911 /* Debug */,
				B40A346F25D48372002D5911 /* Release */,
			);
			defaultConfigurationIsVisible = 0;
			defaultConfigurationName = Release;
		};
		B40A347025D48372002D5911 /* Build configuration list for PBXNativeTarget "Space Launches" */ = {
			isa = XCConfigurationList;
			buildConfigurations = (
				B40A347125D48372002D5911 /* Debug */,
				B40A347225D48372002D5911 /* Release */,
			);
			defaultConfigurationIsVisible = 0;
			defaultConfigurationName = Release;
		};
		B40A347325D48372002D5911 /* Build configuration list for PBXNativeTarget "Space LaunchesTests" */ = {
			isa = XCConfigurationList;
			buildConfigurations = (
				B40A347425D48372002D5911 /* Debug */,
				B40A347525D48372002D5911 /* Release */,
			);
			defaultConfigurationIsVisible = 0;
			defaultConfigurationName = Release;
		};
/* End XCConfigurationList section */

/* Begin XCRemoteSwiftPackageReference section */
		B45BB07B25E5912A00228F1D /* XCRemoteSwiftPackageReference "Alamofire" */ = {
			isa = XCRemoteSwiftPackageReference;
			repositoryURL = "https://github.com/Alamofire/Alamofire.git";
			requirement = {
				kind = upToNextMajorVersion;
				minimumVersion = 5.4.1;
			};
		};
		B461754325D5DCB200FE3662 /* XCRemoteSwiftPackageReference "Resolver" */ = {
			isa = XCRemoteSwiftPackageReference;
			repositoryURL = "https://github.com/hmlongco/Resolver.git";
			requirement = {
				kind = upToNextMajorVersion;
				minimumVersion = 1.4.0;
			};
		};
/* End XCRemoteSwiftPackageReference section */

/* Begin XCSwiftPackageProductDependency section */
		B45BB07C25E5912A00228F1D /* Alamofire */ = {
			isa = XCSwiftPackageProductDependency;
			package = B45BB07B25E5912A00228F1D /* XCRemoteSwiftPackageReference "Alamofire" */;
			productName = Alamofire;
		};
		B461754425D5DCB200FE3662 /* Resolver */ = {
			isa = XCSwiftPackageProductDependency;
			package = B461754325D5DCB200FE3662 /* XCRemoteSwiftPackageReference "Resolver" */;
			productName = Resolver;
		};
/* End XCSwiftPackageProductDependency section */
	};
	rootObject = B40A344325D4836E002D5911 /* Project object */;
}
